
Microsoft Visual Studio Solution File, Format Version 12.00
# Visual Studio Version 17
VisualStudioVersion = 17.8.34316.72
MinimumVisualStudioVersion = 10.0.40219.1
Project("{FAE04EC0-301F-11D3-BF4B-00C04F79EFBC}") = "JumpDisable", "JumpDisable.csproj", "{BFD3A159-9571-48B3-9C4F-56DFC8604E6C}"
EndProject
Global
	GlobalSection(SolutionConfigurationPlatforms) = preSolution
		Debug|Any CPU = Debug|Any CPU
		Release|Any CPU = Release|Any CPU
	EndGlobalSection
	GlobalSection(ProjectConfigurationPlatforms) = postSolution
		{BFD3A159-9571-48B3-9C4F-56DFC8604E6C}.Debug|Any CPU.ActiveCfg = Debug|Any CPU
		{BFD3A159-9571-48B3-9C4F-56DFC8604E6C}.Debug|Any CPU.Build.0 = Debug|Any CPU
		{BFD3A159-9571-48B3-9C4F-56DFC8604E6C}.Release|Any CPU.ActiveCfg = Release|Any CPU
		{BFD3A159-9571-48B3-9C4F-56DFC8604E6C}.Release|Any CPU.Build.0 = Release|Any CPU
	EndGlobalSection
	GlobalSection(SolutionProperties) = preSolution
		HideSolutionNode = FALSE
	EndGlobalSection
	GlobalSection(ExtensibilityGlobals) = postSolution
		SolutionGuid = {B18598AB-3A59-4C41-B221-7661AD79D606}
	EndGlobalSection
EndGlobal
